Microsoft Visual Studio Solution File, Format Version 12.00
# Visual Studio Version 17
VisualStudioVersion = 17.5.2.0
MinimumVisualStudioVersion = 10.0.40219.1
Project("{FAE04EC0-301F-11D3-BF4B-00C04F79EFBC}") = "Project002", "Project002.csproj", "{BC1F6844-A594-21E5-520B-D79D8DB4B024}"
EndProject
Global
	GlobalSection(SolutionConfigurationPlatforms) = preSolution
		Debug|Any CPU = Debug|Any CPU
		Release|Any CPU = Release|Any CPU
	EndGlobalSection
	GlobalSection(ProjectConfigurationPlatforms) = postSolution
		{BC1F6844-A594-21E5-520B-D79D8DB4B024}.Debug|Any CPU.ActiveCfg = Debug|Any CPU
		{BC1F6844-A594-21E5-520B-D79D8DB4B024}.Debug|Any CPU.Build.0 = Debug|Any CPU
		{BC1F6844-A594-21E5-520B-D79D8DB4B024}.Release|Any CPU.ActiveCfg = Release|Any CPU
		{BC1F6844-A594-21E5-520B-D79D8DB4B024}.Release|Any CPU.Build.0 = Release|Any CPU
	EndGlobalSection
	GlobalSection(SolutionProperties) = preSolution
		HideSolutionNode = FALSE
	EndGlobalSection
	GlobalSection(ExtensibilityGlobals) = postSolution
		SolutionGuid = {A9CBEB46-2611-4AAA-8016-DFE0E776CC89}
	EndGlobalSection
EndGlobal
